
Microsoft Visual Studio Solution File, Format Version 12.00
# Visual Studio Version 16
VisualStudioVersion = 16.0.31702.278
MinimumVisualStudioVersion = 10.0.40219.1
Project("{9A19103F-16F7-4668-BE54-9A1E7A4F7556}") = "TrackerLibrary", "TrackerLibrary\TrackerLibrary.csproj", "{F9A5D387-C35D-48FF-8839-6F079E2FB1C7}"
EndProject
Project("{FAE04EC0-301F-11D3-BF4B-00C04F79EFBC}") = "TrackerUI", "TrackerUI\TrackerUI.csproj", "{46278FCF-FAC3-4149-971B-252C58D0D666}"
EndProject
Global
	GlobalSection(SolutionConfigurationPlatforms) = preSolution
		Debug|Any CPU = Debug|Any CPU
		Release|Any CPU = Release|Any CPU
	EndGlobalSection
	GlobalSection(ProjectConfigurationPlatforms) = postSolution
		{F9A5D387-C35D-48FF-8839-6F079E2FB1C7}.Debug|Any CPU.ActiveCfg = Debug|Any CPU
		{F9A5D387-C35D-48FF-8839-6F079E2FB1C7}.Debug|Any CPU.Build.0 = Debug|Any CPU
		{F9A5D387-C35D-48FF-8839-6F079E2FB1C7}.Release|Any CPU.ActiveCfg = Release|Any CPU
		{F9A5D387-C35D-48FF-8839-6F079E2FB1C7}.Release|Any CPU.Build.0 = Release|Any CPU
		{46278FCF-FAC3-4149-971B-252C58D0D666}.Debug|Any CPU.ActiveCfg = Debug|Any CPU
		{46278FCF-FAC3-4149-971B-252C58D0D666}.Debug|Any CPU.Build.0 = Debug|Any CPU
		{46278FCF-FAC3-4149-971B-252C58D0D666}.Release|Any CPU.ActiveCfg = Release|Any CPU
		{46278FCF-FAC3-4149-971B-252C58D0D666}.Release|Any CPU.Build.0 = Release|Any CPU
	EndGlobalSection
	GlobalSection(SolutionProperties) = preSolution
		HideSolutionNode = FALSE
	EndGlobalSection
	GlobalSection(ExtensibilityGlobals) = postSolution
		SolutionGuid = {E633EE30-113C-4A67-BAAC-0997515CC24C}
	EndGlobalSection
EndGlobal
